{
  "version": 4,
  "terraform_version": "1.9.2",
  "serial": 90,
  "lineage": "a9536199-f4c4-ef65-0c77-84426b5a329a",
  "outputs": {},
  "resources": [
    {
      "mode": "managed",
      "type": "azurerm_app_service",
      "name": "webapp1",
      "provider": "provider[\"registry.terraform.io/hashicorp/azurerm\"]",
      "instances": [
        {
          "schema_version": 0,
          "attributes": {
            "app_service_plan_id": "/subscriptions/73ff15cc-485b-47ca-a85e-88aef168f85b/resourceGroups/rg-projectl-devcon/providers/Microsoft.Web/serverFarms/asp-projectl-devcon",
            "app_settings": {
              "DOCKER_REGISTRY_SERVER_PASSWORD": "h/VJre9GHFp2aQWqJx4dkPZE7pP0auPRCuCrDLANg9+ACRCqqCxa",
              "DOCKER_REGISTRY_SERVER_URL": "https://acrprojectldevcon.azurecr.io",
              "DOCKER_REGISTRY_SERVER_USERNAME": "acrprojectldevcon",
              "WEBSITE_VNET_ROUTE_ALL": "1"
            },
            "auth_settings": [
              {
                "active_directory": [],
                "additional_login_params": {},
                "allowed_external_redirect_urls": [],
                "default_provider": "",
                "enabled": false,
                "facebook": [],
                "google": [],
                "issuer": "",
                "microsoft": [],
                "runtime_version": "",
                "token_refresh_extension_hours": 0,
                "token_store_enabled": false,
                "twitter": [],
                "unauthenticated_client_action": ""
              }
            ],
            "backup": [],
            "client_affinity_enabled": false,
            "client_cert_enabled": false,
            "client_cert_mode": "Required",
            "connection_string": [],
            "custom_domain_verification_id": "39ED700272855C45BC4BC18BAA134B8385F5D3E9B0A2D649422A0C6A18C29104",
            "default_site_hostname": "ui-projectl-devcon.azurewebsites.net",
            "enabled": true,
            "https_only": false,
            "id": "/subscriptions/73ff15cc-485b-47ca-a85e-88aef168f85b/resourceGroups/rg-projectl-devcon/providers/Microsoft.Web/sites/ui-projectl-devcon",
            "identity": [],
            "key_vault_reference_identity_id": "SystemAssigned",
            "location": "eastus2",
            "logs": [
              {
                "application_logs": [
                  {
                    "azure_blob_storage": [],
                    "file_system_level": "Off"
                  }
                ],
                "detailed_error_messages_enabled": false,
                "failed_request_tracing_enabled": false,
                "http_logs": [
                  {
                    "azure_blob_storage": [],
                    "file_system": []
                  }
                ]
              }
            ],
            "name": "ui-projectl-devcon",
            "outbound_ip_address_list": [
              "104.208.138.157",
              "104.46.127.127",
              "52.251.126.49",
              "104.209.194.156",
              "40.70.147.13"
            ],
            "outbound_ip_addresses": "104.208.138.157,104.46.127.127,52.251.126.49,104.209.194.156,40.70.147.13",
            "possible_outbound_ip_address_list": [
              "104.208.138.157",
              "104.46.127.127",
              "52.251.126.49",
              "104.209.194.156",
              "52.251.115.213",
              "104.209.219.240",
              "52.251.114.9",
              "13.77.69.217",
              "40.123.55.50",
              "20.7.100.98",
              "20.7.100.108",
              "20.7.100.134",
              "20.7.100.139",
              "20.7.100.160",
              "20.7.100.206",
              "20.22.16.191",
              "20.22.17.198",
              "20.22.17.229",
              "20.22.18.73",
              "20.22.18.236",
              "20.22.19.80",
              "40.70.147.13"
            ],
            "possible_outbound_ip_addresses": "104.208.138.157,104.46.127.127,52.251.126.49,104.209.194.156,52.251.115.213,104.209.219.240,52.251.114.9,13.77.69.217,40.123.55.50,20.7.100.98,20.7.100.108,20.7.100.134,20.7.100.139,20.7.100.160,20.7.100.206,20.22.16.191,20.22.17.198,20.22.17.229,20.22.18.73,20.22.18.236,20.22.19.80,40.70.147.13",
            "resource_group_name": "rg-projectl-devcon",
            "site_config": [
              {
                "acr_use_managed_identity_credentials": false,
                "acr_user_managed_identity_client_id": "",
                "always_on": true,
                "app_command_line": "",
                "auto_swap_slot_name": "",
                "cors": [
                  {
                    "allowed_origins": [],
                    "support_credentials": false
                  }
                ],
                "default_documents": null,
                "dotnet_framework_version": "v4.0",
                "ftps_state": "FtpsOnly",
                "health_check_path": "",
                "http2_enabled": false,
                "ip_restriction": [],
                "java_container": "",
                "java_container_version": "",
                "java_version": "",
                "linux_fx_version": "DOCKER|acrprojectldevcon.azurecr.io/projectl/ui:latest",
                "local_mysql_enabled": false,
                "managed_pipeline_mode": "Integrated",
                "min_tls_version": "1.2",
                "number_of_workers": 1,
                "php_version": "",
                "python_version": "",
                "remote_debugging_enabled": false,
                "remote_debugging_version": "VS2022",
                "scm_ip_restriction": [],
                "scm_type": "None",
                "scm_use_main_ip_restriction": false,
                "use_32_bit_worker_process": false,
                "vnet_route_all_enabled": true,
                "websockets_enabled": false,
                "windows_fx_version": ""
              }
            ],
            "site_credential": [
              {
                "password": "TzAeE3u8ipLpnpktukWwomYfQEcTo45bQl2msXqdzJSnsGd09rduuBs2oJkf",
                "username": "$ui-projectl-devcon"
              }
            ],
            "source_control": [
              {
                "branch": "main",
                "manual_integration": false,
                "repo_url": "",
                "rollback_enabled": false,
                "use_mercurial": false
              }
            ],
            "storage_account": [],
            "tags": {
              "created_by": "terraform",
              "environment": "devcon",
              "project": "projectl"
            },
            "timeouts": null
          },
          "sensitive_attributes": [
            [
              {
                "type": "get_attr",
                "value": "app_settings"
              },
              {
                "type": "index",
                "value": {
                  "value": "DOCKER_REGISTRY_SERVER_PASSWORD",
                  "type": "string"
                }
              }
            ]
          ],
          "private": "eyJlMmJmYjczMC1lY2FhLTExZTYtOGY4OC0zNDM2M2JjN2M0YzAiOnsiY3JlYXRlIjoxODAwMDAwMDAwMDAwLCJkZWxldGUiOjE4MDAwMDAwMDAwMDAsInJlYWQiOjMwMDAwMDAwMDAwMCwidXBkYXRlIjoxODAwMDAwMDAwMDAwfX0=",
          "dependencies": [
            "azurerm_app_service_plan.app_service_plan",
            "azurerm_container_registry.acr",
            "azurerm_resource_group.rg",
            "azurerm_subnet.subnetweb",
            "azurerm_virtual_network.vnet"
          ]
        }
      ]
    },
    {
      "mode": "managed",
      "type": "azurerm_app_service",
      "name": "webapp2",
      "provider": "provider[\"registry.terraform.io/hashicorp/azurerm\"]",
      "instances": [
        {
          "schema_version": 0,
          "attributes": {
            "app_service_plan_id": "/subscriptions/73ff15cc-485b-47ca-a85e-88aef168f85b/resourceGroups/rg-projectl-devcon/providers/Microsoft.Web/serverFarms/asp-projectl-devcon",
            "app_settings": {
              "DOCKER_REGISTRY_SERVER_PASSWORD": "h/VJre9GHFp2aQWqJx4dkPZE7pP0auPRCuCrDLANg9+ACRCqqCxa",
              "DOCKER_REGISTRY_SERVER_URL": "https://acrprojectldevcon.azurecr.io",
              "DOCKER_REGISTRY_SERVER_USERNAME": "acrprojectldevcon",
              "WEBSITE_VNET_ROUTE_ALL": "1"
            },
            "auth_settings": [
              {
                "active_directory": [],
                "additional_login_params": {},
                "allowed_external_redirect_urls": [],
                "default_provider": "",
                "enabled": false,
                "facebook": [],
                "google": [],
                "issuer": "",
                "microsoft": [],
                "runtime_version": "",
                "token_refresh_extension_hours": 0,
                "token_store_enabled": false,
                "twitter": [],
                "unauthenticated_client_action": ""
              }
            ],
            "backup": [],
            "client_affinity_enabled": false,
            "client_cert_enabled": false,
            "client_cert_mode": "Required",
            "connection_string": [],
            "custom_domain_verification_id": "39ED700272855C45BC4BC18BAA134B8385F5D3E9B0A2D649422A0C6A18C29104",
            "default_site_hostname": "api-projectl-devcon.azurewebsites.net",
            "enabled": true,
            "https_only": false,
            "id": "/subscriptions/73ff15cc-485b-47ca-a85e-88aef168f85b/resourceGroups/rg-projectl-devcon/providers/Microsoft.Web/sites/api-projectl-devcon",
            "identity": [],
            "key_vault_reference_identity_id": "SystemAssigned",
            "location": "eastus2",
            "logs": [
              {
                "application_logs": [
                  {
                    "azure_blob_storage": [],
                    "file_system_level": "Off"
                  }
                ],
                "detailed_error_messages_enabled": false,
                "failed_request_tracing_enabled": false,
                "http_logs": [
                  {
                    "azure_blob_storage": [],
                    "file_system": []
                  }
                ]
              }
            ],
            "name": "api-projectl-devcon",
            "outbound_ip_address_list": [
              "104.208.138.157",
              "104.46.127.127",
              "52.251.126.49",
              "104.209.194.156",
              "40.70.147.13"
            ],
            "outbound_ip_addresses": "104.208.138.157,104.46.127.127,52.251.126.49,104.209.194.156,40.70.147.13",
            "possible_outbound_ip_address_list": [
              "104.208.138.157",
              "104.46.127.127",
              "52.251.126.49",
              "104.209.194.156",
              "52.251.115.213",
              "104.209.219.240",
              "52.251.114.9",
              "13.77.69.217",
              "40.123.55.50",
              "20.7.100.98",
              "20.7.100.108",
              "20.7.100.134",
              "20.7.100.139",
              "20.7.100.160",
              "20.7.100.206",
              "20.22.16.191",
              "20.22.17.198",
              "20.22.17.229",
              "20.22.18.73",
              "20.22.18.236",
              "20.22.19.80",
              "40.70.147.13"
            ],
            "possible_outbound_ip_addresses": "104.208.138.157,104.46.127.127,52.251.126.49,104.209.194.156,52.251.115.213,104.209.219.240,52.251.114.9,13.77.69.217,40.123.55.50,20.7.100.98,20.7.100.108,20.7.100.134,20.7.100.139,20.7.100.160,20.7.100.206,20.22.16.191,20.22.17.198,20.22.17.229,20.22.18.73,20.22.18.236,20.22.19.80,40.70.147.13",
            "resource_group_name": "rg-projectl-devcon",
            "site_config": [
              {
                "acr_use_managed_identity_credentials": false,
                "acr_user_managed_identity_client_id": "",
                "always_on": true,
                "app_command_line": "",
                "auto_swap_slot_name": "",
                "cors": [
                  {
                    "allowed_origins": [],
                    "support_credentials": false
                  }
                ],
                "default_documents": null,
                "dotnet_framework_version": "v4.0",
                "ftps_state": "FtpsOnly",
                "health_check_path": "",
                "http2_enabled": false,
                "ip_restriction": [],
                "java_container": "",
                "java_container_version": "",
                "java_version": "",
                "linux_fx_version": "DOCKER|acrprojectldevcon.azurecr.io/projectl/api:latest",
                "local_mysql_enabled": false,
                "managed_pipeline_mode": "Integrated",
                "min_tls_version": "1.2",
                "number_of_workers": 1,
                "php_version": "",
                "python_version": "",
                "remote_debugging_enabled": false,
                "remote_debugging_version": "VS2022",
                "scm_ip_restriction": [],
                "scm_type": "None",
                "scm_use_main_ip_restriction": false,
                "use_32_bit_worker_process": false,
                "vnet_route_all_enabled": true,
                "websockets_enabled": false,
                "windows_fx_version": ""
              }
            ],
            "site_credential": [
              {
                "password": "oTrLHv15dpHXAvFCosNRyzs4cihb2DZph6f2jpokfkLYwae0ZQXWCgAJSrsG",
                "username": "$api-projectl-devcon"
              }
            ],
            "source_control": [
              {
                "branch": "main",
                "manual_integration": false,
                "repo_url": "",
                "rollback_enabled": false,
                "use_mercurial": false
              }
            ],
            "storage_account": [],
            "tags": {
              "created_by": "terraform",
              "environment": "devcon",
              "project": "projectl"
            },
            "timeouts": null
          },
          "sensitive_attributes": [
            [
              {
                "type": "get_attr",
                "value": "app_settings"
              },
              {
                "type": "index",
                "value": {
                  "value": "DOCKER_REGISTRY_SERVER_PASSWORD",
                  "type": "string"
                }
              }
            ]
          ],
          "private": "eyJlMmJmYjczMC1lY2FhLTExZTYtOGY4OC0zNDM2M2JjN2M0YzAiOnsiY3JlYXRlIjoxODAwMDAwMDAwMDAwLCJkZWxldGUiOjE4MDAwMDAwMDAwMDAsInJlYWQiOjMwMDAwMDAwMDAwMCwidXBkYXRlIjoxODAwMDAwMDAwMDAwfX0=",
          "dependencies": [
            "azurerm_app_service_plan.app_service_plan",
            "azurerm_container_registry.acr",
            "azurerm_resource_group.rg",
            "azurerm_subnet.subnetweb",
            "azurerm_virtual_network.vnet"
          ]
        }
      ]
    },
    {
      "mode": "managed",
      "type": "azurerm_app_service_plan",
      "name": "app_service_plan",
      "provider": "provider[\"registry.terraform.io/hashicorp/azurerm\"]",
      "instances": [
        {
          "schema_version": 1,
          "attributes": {
            "app_service_environment_id": "",
            "id": "/subscriptions/73ff15cc-485b-47ca-a85e-88aef168f85b/resourceGroups/rg-projectl-devcon/providers/Microsoft.Web/serverFarms/asp-projectl-devcon",
            "is_xenon": false,
            "kind": "linux",
            "location": "eastus2",
            "maximum_elastic_worker_count": 1,
            "maximum_number_of_workers": 3,
            "name": "asp-projectl-devcon",
            "per_site_scaling": false,
            "reserved": true,
            "resource_group_name": "rg-projectl-devcon",
            "sku": [
              {
                "capacity": 1,
                "size": "B1",
                "tier": "Basic"
              }
            ],
            "tags": {
              "created_by": "terraform",
              "environment": "devcon",
              "project": "projectl"
            },
            "timeouts": null,
            "zone_redundant": false
          },
          "sensitive_attributes": [],
          "private": "eyJlMmJmYjczMC1lY2FhLTExZTYtOGY4OC0zNDM2M2JjN2M0YzAiOnsiY3JlYXRlIjozNjAwMDAwMDAwMDAwLCJkZWxldGUiOjM2MDAwMDAwMDAwMDAsInJlYWQiOjMwMDAwMDAwMDAwMCwidXBkYXRlIjozNjAwMDAwMDAwMDAwfSwic2NoZW1hX3ZlcnNpb24iOiIxIn0=",
          "dependencies": [
            "azurerm_resource_group.rg"
          ]
        }
      ]
    },
    {
      "mode": "managed",
      "type": "azurerm_app_service_virtual_network_swift_connection",
      "name": "webapp1_vnet_integration",
      "provider": "provider[\"registry.terraform.io/hashicorp/azurerm\"]",
      "instances": [
        {
          "schema_version": 0,
          "attributes": {
            "app_service_id": "/subscriptions/73ff15cc-485b-47ca-a85e-88aef168f85b/resourceGroups/rg-projectl-devcon/providers/Microsoft.Web/sites/ui-projectl-devcon",
            "id": "/subscriptions/73ff15cc-485b-47ca-a85e-88aef168f85b/resourceGroups/rg-projectl-devcon/providers/Microsoft.Web/sites/ui-projectl-devcon/config/virtualNetwork",
            "subnet_id": "/subscriptions/73ff15cc-485b-47ca-a85e-88aef168f85b/resourceGroups/rg-projectl-devcon/providers/Microsoft.Network/virtualNetworks/vnet-projectl-devcon/subnets/subnet-web-projectl-devcon",
            "timeouts": null
          },
          "sensitive_attributes": [],
          "private": "eyJlMmJmYjczMC1lY2FhLTExZTYtOGY4OC0zNDM2M2JjN2M0YzAiOnsiY3JlYXRlIjoxODAwMDAwMDAwMDAwLCJkZWxldGUiOjE4MDAwMDAwMDAwMDAsInJlYWQiOjMwMDAwMDAwMDAwMCwidXBkYXRlIjoxODAwMDAwMDAwMDAwfX0=",
          "dependencies": [
            "azurerm_app_service.webapp1",
            "azurerm_app_service_plan.app_service_plan",
            "azurerm_container_registry.acr",
            "azurerm_resource_group.rg",
            "azurerm_subnet.subnetweb",
            "azurerm_virtual_network.vnet"
          ]
        }
      ]
    },
    {
      "mode": "managed",
      "type": "azurerm_app_service_virtual_network_swift_connection",
      "name": "webapp2_vnet_integration",
      "provider": "provider[\"registry.terraform.io/hashicorp/azurerm\"]",
      "instances": [
        {
          "schema_version": 0,
          "attributes": {
            "app_service_id": "/subscriptions/73ff15cc-485b-47ca-a85e-88aef168f85b/resourceGroups/rg-projectl-devcon/providers/Microsoft.Web/sites/api-projectl-devcon",
            "id": "/subscriptions/73ff15cc-485b-47ca-a85e-88aef168f85b/resourceGroups/rg-projectl-devcon/providers/Microsoft.Web/sites/api-projectl-devcon/config/virtualNetwork",
            "subnet_id": "/subscriptions/73ff15cc-485b-47ca-a85e-88aef168f85b/resourceGroups/rg-projectl-devcon/providers/Microsoft.Network/virtualNetworks/vnet-projectl-devcon/subnets/subnet-web-projectl-devcon",
            "timeouts": null
          },
          "sensitive_attributes": [],
          "private": "eyJlMmJmYjczMC1lY2FhLTExZTYtOGY4OC0zNDM2M2JjN2M0YzAiOnsiY3JlYXRlIjoxODAwMDAwMDAwMDAwLCJkZWxldGUiOjE4MDAwMDAwMDAwMDAsInJlYWQiOjMwMDAwMDAwMDAwMCwidXBkYXRlIjoxODAwMDAwMDAwMDAwfX0=",
          "dependencies": [
            "azurerm_app_service.webapp2",
            "azurerm_app_service_plan.app_service_plan",
            "azurerm_container_registry.acr",
            "azurerm_resource_group.rg",
            "azurerm_subnet.subnetweb",
            "azurerm_virtual_network.vnet"
          ]
        }
      ]
    },
    {
      "mode": "managed",
      "type": "azurerm_container_registry",
      "name": "acr",
      "provider": "provider[\"registry.terraform.io/hashicorp/azurerm\"]",
      "instances": [
        {
          "schema_version": 2,
          "attributes": {
            "admin_enabled": true,
            "admin_password": "h/VJre9GHFp2aQWqJx4dkPZE7pP0auPRCuCrDLANg9+ACRCqqCxa",
            "admin_username": "acrprojectldevcon",
            "anonymous_pull_enabled": false,
            "data_endpoint_enabled": false,
            "encryption": [
              {
                "enabled": false,
                "identity_client_id": "",
                "key_vault_key_id": ""
              }
            ],
            "export_policy_enabled": true,
            "georeplications": [],
            "id": "/subscriptions/73ff15cc-485b-47ca-a85e-88aef168f85b/resourceGroups/rg-projectl-devcon/providers/Microsoft.ContainerRegistry/registries/acrprojectldevcon",
            "identity": [],
            "location": "eastus2",
            "login_server": "acrprojectldevcon.azurecr.io",
            "name": "acrprojectldevcon",
            "network_rule_bypass_option": "AzureServices",
            "network_rule_set": [],
            "public_network_access_enabled": true,
            "quarantine_policy_enabled": false,
            "resource_group_name": "rg-projectl-devcon",
            "retention_policy": [
              {
                "days": 7,
                "enabled": false
              }
            ],
            "sku": "Basic",
            "tags": {
              "created_by": "terraform",
              "environment": "devcon",
              "project": "projectl"
            },
            "timeouts": null,
            "trust_policy": [
              {
                "enabled": false
              }
            ],
            "zone_redundancy_enabled": false
          },
          "sensitive_attributes": [
            [
              {
                "type": "get_attr",
                "value": "admin_password"
              }
            ]
          ],
          "private": "eyJlMmJmYjczMC1lY2FhLTExZTYtOGY4OC0zNDM2M2JjN2M0YzAiOnsiY3JlYXRlIjoxODAwMDAwMDAwMDAwLCJkZWxldGUiOjE4MDAwMDAwMDAwMDAsInJlYWQiOjMwMDAwMDAwMDAwMCwidXBkYXRlIjoxODAwMDAwMDAwMDAwfSwic2NoZW1hX3ZlcnNpb24iOiIyIn0=",
          "dependencies": [
            "azurerm_resource_group.rg"
          ]
        }
      ]
    },
    {
      "mode": "managed",
      "type": "azurerm_function_app",
      "name": "function_app",
      "provider": "provider[\"registry.terraform.io/hashicorp/azurerm\"]",
      "instances": [
        {
          "schema_version": 0,
          "attributes": {
            "app_service_plan_id": "/subscriptions/73ff15cc-485b-47ca-a85e-88aef168f85b/resourceGroups/rg-projectl-devcon/providers/Microsoft.Web/serverFarms/asp-projectl-devcon",
            "app_settings": {
              "AzureWebJobsDashboard": "DefaultEndpointsProtocol=https;AccountName=storageprojectldevcon2;AccountKey=DefaultEndpointsProtocol=https;AccountName=storageprojectldevcon2;AccountKey=MGprERjayaCNk5y6gD5A0vw+cGWSyOVxk0vwgFrvg9xIomU7Q23LPEsT+NO8r4DH3/3VBTwnOG/z+AStjbpnKQ==;EndpointSuffix=core.windows.net;EndpointSuffix=core.windows.net",
              "AzureWebJobsStorage": "DefaultEndpointsProtocol=https;AccountName=storageprojectldevcon2;AccountKey=DefaultEndpointsProtocol=https;AccountName=storageprojectldevcon2;AccountKey=MGprERjayaCNk5y6gD5A0vw+cGWSyOVxk0vwgFrvg9xIomU7Q23LPEsT+NO8r4DH3/3VBTwnOG/z+AStjbpnKQ==;EndpointSuffix=core.windows.net;EndpointSuffix=core.windows.net",
              "DOCKER_REGISTRY_SERVER_PASSWORD": "h/VJre9GHFp2aQWqJx4dkPZE7pP0auPRCuCrDLANg9+ACRCqqCxa",
              "DOCKER_REGISTRY_SERVER_URL": "https://acrprojectldevcon.azurecr.io",
              "DOCKER_REGISTRY_SERVER_USERNAME": "acrprojectldevcon",
              "QueueName": "vectordb-calibration-request",
              "QueueStorageConnectionString": "DefaultEndpointsProtocol=https;AccountName=storageprojectldevcon2;AccountKey=MGprERjayaCNk5y6gD5A0vw+cGWSyOVxk0vwgFrvg9xIomU7Q23LPEsT+NO8r4DH3/3VBTwnOG/z+AStjbpnKQ==;EndpointSuffix=core.windows.net",
              "WEBSITE_VNET_ROUTE_ALL": "1"
            },
            "auth_settings": [
              {
                "active_directory": [],
                "additional_login_params": {},
                "allowed_external_redirect_urls": [],
                "default_provider": "",
                "enabled": false,
                "facebook": [],
                "google": [],
                "issuer": "",
                "microsoft": [],
                "runtime_version": "",
                "token_refresh_extension_hours": 0,
                "token_store_enabled": false,
                "twitter": [],
                "unauthenticated_client_action": ""
              }
            ],
            "client_cert_mode": "",
            "connection_string": [],
            "custom_domain_verification_id": "39ED700272855C45BC4BC18BAA134B8385F5D3E9B0A2D649422A0C6A18C29104",
            "daily_memory_time_quota": 0,
            "default_hostname": "function-projectl-devcon.azurewebsites.net",
            "enable_builtin_logging": true,
            "enabled": true,
            "https_only": false,
            "id": "/subscriptions/73ff15cc-485b-47ca-a85e-88aef168f85b/resourceGroups/rg-projectl-devcon/providers/Microsoft.Web/sites/function-projectl-devcon",
            "identity": [
              {
                "identity_ids": null,
                "principal_id": "799e07e9-cb0d-475b-acc1-0d2d1f4397c7",
                "tenant_id": "33a93990-8bb4-4b9d-b422-4f8851217d7e",
                "type": "SystemAssigned"
              }
            ],
            "key_vault_reference_identity_id": "SystemAssigned",
            "kind": "functionapp,linux,container",
            "location": "eastus2",
            "name": "function-projectl-devcon",
            "os_type": "linux",
            "outbound_ip_addresses": "104.208.138.157,104.46.127.127,52.251.126.49,104.209.194.156,40.70.147.13",
            "possible_outbound_ip_addresses": "104.208.138.157,104.46.127.127,52.251.126.49,104.209.194.156,52.251.115.213,104.209.219.240,52.251.114.9,13.77.69.217,40.123.55.50,20.7.100.98,20.7.100.108,20.7.100.134,20.7.100.139,20.7.100.160,20.7.100.206,20.22.16.191,20.22.17.198,20.22.17.229,20.22.18.73,20.22.18.236,20.22.19.80,40.70.147.13",
            "resource_group_name": "rg-projectl-devcon",
            "site_config": [
              {
                "always_on": true,
                "app_scale_limit": 0,
                "auto_swap_slot_name": "",
                "cors": [
                  {
                    "allowed_origins": [],
                    "support_credentials": false
                  }
                ],
                "dotnet_framework_version": "v4.0",
                "elastic_instance_minimum": 1,
                "ftps_state": "FtpsOnly",
                "health_check_path": "",
                "http2_enabled": false,
                "ip_restriction": [
                  {
                    "action": "Deny",
                    "headers": [],
                    "ip_address": "0.0.0.0/0",
                    "name": "default-deny",
                    "priority": 200,
                    "service_tag": "",
                    "virtual_network_subnet_id": ""
                  }
                ],
                "java_version": "",
                "linux_fx_version": "DOCKER|mcr.microsoft.com/azure-functions/dotnet:4-appservice-quickstart",
                "min_tls_version": "1.2",
                "pre_warmed_instance_count": 0,
                "runtime_scale_monitoring_enabled": false,
                "scm_ip_restriction": [],
                "scm_type": "None",
                "scm_use_main_ip_restriction": false,
                "use_32_bit_worker_process": true,
                "vnet_route_all_enabled": true,
                "websockets_enabled": false
              }
            ],
            "site_credential": [
              {
                "password": "z7PfxGtWrGe74AArb7YJrSaM62v8rrztffiue0BWmmhfAi0v7ALjsHb7nPdg",
                "username": "$function-projectl-devcon"
              }
            ],
            "source_control": [
              {
                "branch": "main",
                "manual_integration": false,
                "repo_url": "",
                "rollback_enabled": false,
                "use_mercurial": false
              }
            ],
            "storage_account_access_key": "MGprERjayaCNk5y6gD5A0vw+cGWSyOVxk0vwgFrvg9xIomU7Q23LPEsT+NO8r4DH3/3VBTwnOG/z+AStjbpnKQ==",
            "storage_account_name": "storageprojectldevcon2",
            "tags": {
              "created_by": "terraform",
              "environment": "devcon",
              "project": "projectl"
            },
            "timeouts": null,
            "version": "~3"
          },
          "sensitive_attributes": [
            [
              {
                "type": "get_attr",
                "value": "app_settings"
              },
              {
                "type": "index",
                "value": {
                  "value": "AzureWebJobsDashboard",
                  "type": "string"
                }
              }
            ],
            [
              {
                "type": "get_attr",
                "value": "app_settings"
              },
              {
                "type": "index",
                "value": {
                  "value": "AzureWebJobsStorage",
                  "type": "string"
                }
              }
            ],
            [
              {
                "type": "get_attr",
                "value": "app_settings"
              },
              {
                "type": "index",
                "value": {
                  "value": "DOCKER_REGISTRY_SERVER_PASSWORD",
                  "type": "string"
                }
              }
            ],
            [
              {
                "type": "get_attr",
                "value": "app_settings"
              },
              {
                "type": "index",
                "value": {
                  "value": "QueueStorageConnectionString",
                  "type": "string"
                }
              }
            ],
            [
              {
                "type": "get_attr",
                "value": "storage_account_access_key"
              }
            ]
          ],
          "private": "eyJlMmJmYjczMC1lY2FhLTExZTYtOGY4OC0zNDM2M2JjN2M0YzAiOnsiY3JlYXRlIjoxODAwMDAwMDAwMDAwLCJkZWxldGUiOjE4MDAwMDAwMDAwMDAsInJlYWQiOjMwMDAwMDAwMDAwMCwidXBkYXRlIjoxODAwMDAwMDAwMDAwfX0=",
          "dependencies": [
            "azurerm_app_service_plan.app_service_plan",
            "azurerm_container_registry.acr",
            "azurerm_resource_group.rg",
            "azurerm_storage_account.storage_account",
            "azurerm_storage_queue.storage_queue",
            "azurerm_subnet.subnetfunction",
            "azurerm_virtual_network.vnet"
          ]
        }
      ]
    },
    {
      "mode": "managed",
      "type": "azurerm_mssql_database",
      "name": "sql_db",
      "provider": "provider[\"registry.terraform.io/hashicorp/azurerm\"]",
      "instances": [
        {
          "schema_version": 1,
          "attributes": {
            "auto_pause_delay_in_minutes": 0,
            "collation": "SQL_Latin1_General_CP1_CI_AS",
            "create_mode": "Default",
            "creation_source_database_id": null,
            "elastic_pool_id": "",
            "enclave_type": "",
            "geo_backup_enabled": true,
            "id": "/subscriptions/73ff15cc-485b-47ca-a85e-88aef168f85b/resourceGroups/rg-projectl-devcon/providers/Microsoft.Sql/servers/sqlserver-projectl-devcon/databases/GoldenHNDB",
            "identity": [],
            "import": [],
            "ledger_enabled": false,
            "license_type": "",
            "long_term_retention_policy": [
              {
                "immutable_backups_enabled": false,
                "monthly_retention": "PT0S",
                "week_of_year": 1,
                "weekly_retention": "PT0S",
                "yearly_retention": "PT0S"
              }
            ],
            "maintenance_configuration_name": "SQL_Default",
            "max_size_gb": 250,
            "min_capacity": 0,
            "name": "GoldenHNDB",
            "read_replica_count": 0,
            "read_scale": false,
            "recover_database_id": null,
            "recovery_point_id": null,
            "restore_dropped_database_id": null,
            "restore_long_term_retention_backup_id": null,
            "restore_point_in_time": null,
            "sample_name": null,
            "secondary_type": "",
            "server_id": "/subscriptions/73ff15cc-485b-47ca-a85e-88aef168f85b/resourceGroups/rg-projectl-devcon/providers/Microsoft.Sql/servers/sqlserver-projectl-devcon",
            "short_term_retention_policy": [
              {
                "backup_interval_in_hours": 24,
                "retention_days": 7
              }
            ],
            "sku_name": "S0",
            "storage_account_type": "Geo",
            "tags": {
              "created_by": "terraform",
              "environment": "devcon",
              "project": "projectl"
            },
            "threat_detection_policy": [
              {
                "disabled_alerts": [],
                "email_account_admins": "Disabled",
                "email_addresses": [],
                "retention_days": 0,
                "state": "Disabled",
                "storage_account_access_key": "",
                "storage_endpoint": ""
              }
            ],
            "timeouts": null,
            "transparent_data_encryption_enabled": true,
            "transparent_data_encryption_key_automatic_rotation_enabled": false,
            "transparent_data_encryption_key_vault_key_id": "",
            "zone_redundant": false
          },
          "sensitive_attributes": [
            [
              {
                "type": "get_attr",
                "value": "threat_detection_policy"
              },
              {
                "type": "index",
                "value": {
                  "value": 0,
                  "type": "number"
                }
              },
              {
                "type": "get_attr",
                "value": "storage_account_access_key"
              }
            ]
          ],
          "private": "eyJlMmJmYjczMC1lY2FhLTExZTYtOGY4OC0zNDM2M2JjN2M0YzAiOnsiY3JlYXRlIjozNjAwMDAwMDAwMDAwLCJkZWxldGUiOjM2MDAwMDAwMDAwMDAsInJlYWQiOjMwMDAwMDAwMDAwMCwidXBkYXRlIjozNjAwMDAwMDAwMDAwfSwic2NoZW1hX3ZlcnNpb24iOiIxIn0=",
          "dependencies": [
            "azurerm_mssql_server.sql_server",
            "azurerm_resource_group.rg"
          ]
        }
      ]
    },
    {
      "mode": "managed",
      "type": "azurerm_mssql_server",
      "name": "sql_server",
      "provider": "provider[\"registry.terraform.io/hashicorp/azurerm\"]",
      "instances": [
        {
          "schema_version": 0,
          "attributes": {
            "administrator_login": "sqladmin",
            "administrator_login_password": "Kevinponce0147",
            "azuread_administrator": [],
            "connection_policy": "Default",
            "fully_qualified_domain_name": "sqlserver-projectl-devcon.database.windows.net",
            "id": "/subscriptions/73ff15cc-485b-47ca-a85e-88aef168f85b/resourceGroups/rg-projectl-devcon/providers/Microsoft.Sql/servers/sqlserver-projectl-devcon",
            "identity": [],
            "location": "eastus2",
            "minimum_tls_version": "1.2",
            "name": "sqlserver-projectl-devcon",
            "outbound_network_restriction_enabled": false,
            "primary_user_assigned_identity_id": "",
            "public_network_access_enabled": true,
            "resource_group_name": "rg-projectl-devcon",
            "restorable_dropped_database_ids": [],
            "tags": {
              "created_by": "terraform",
              "environment": "devcon",
              "project": "projectl"
            },
            "timeouts": null,
            "transparent_data_encryption_key_vault_key_id": "",
            "version": "12.0"
          },
          "sensitive_attributes": [
            [
              {
                "type": "get_attr",
                "value": "administrator_login_password"
              }
            ]
          ],
          "private": "eyJlMmJmYjczMC1lY2FhLTExZTYtOGY4OC0zNDM2M2JjN2M0YzAiOnsiY3JlYXRlIjozNjAwMDAwMDAwMDAwLCJkZWxldGUiOjM2MDAwMDAwMDAwMDAsInJlYWQiOjMwMDAwMDAwMDAwMCwidXBkYXRlIjozNjAwMDAwMDAwMDAwfX0=",
          "dependencies": [
            "azurerm_resource_group.rg"
          ]
        }
      ]
    },
    {
      "mode": "managed",
      "type": "azurerm_private_dns_a_record",
      "name": "function_private_dns_a_record",
      "provider": "provider[\"registry.terraform.io/hashicorp/azurerm\"]",
      "instances": [
        {
          "schema_version": 0,
          "attributes": {
            "fqdn": "function-record-projectl-devcon.private.function-projectl-devcon.azurewebsites.net.",
            "id": "/subscriptions/73ff15cc-485b-47ca-a85e-88aef168f85b/resourceGroups/rg-projectl-devcon/providers/Microsoft.Network/privateDnsZones/private.function-projectl-devcon.azurewebsites.net/A/function-record-projectl-devcon",
            "name": "function-record-projectl-devcon",
            "records": [
              "10.0.4.4"
            ],
            "resource_group_name": "rg-projectl-devcon",
            "tags": null,
            "timeouts": null,
            "ttl": 300,
            "zone_name": "private.function-projectl-devcon.azurewebsites.net"
          },
          "sensitive_attributes": [],
          "private": "eyJlMmJmYjczMC1lY2FhLTExZTYtOGY4OC0zNDM2M2JjN2M0YzAiOnsiY3JlYXRlIjoxODAwMDAwMDAwMDAwLCJkZWxldGUiOjE4MDAwMDAwMDAwMDAsInJlYWQiOjMwMDAwMDAwMDAwMCwidXBkYXRlIjoxODAwMDAwMDAwMDAwfX0=",
          "dependencies": [
            "azurerm_app_service_plan.app_service_plan",
            "azurerm_container_registry.acr",
            "azurerm_function_app.function_app",
            "azurerm_private_dns_zone.function_private_dns_zone",
            "azurerm_private_endpoint.function_private_endpoint",
            "azurerm_resource_group.rg",
            "azurerm_storage_account.storage_account",
            "azurerm_storage_queue.storage_queue",
            "azurerm_subnet.subnetfunction",
            "azurerm_virtual_network.vnet"
          ]
        }
      ]
    },
    {
      "mode": "managed",
      "type": "azurerm_private_dns_a_record",
      "name": "private_dns_a_record",
      "provider": "provider[\"registry.terraform.io/hashicorp/azurerm\"]",
      "instances": [
        {
          "schema_version": 0,
          "attributes": {
            "fqdn": "sqlserver-record-projectl-devcon.private.dbserver.database.windows.net.",
            "id": "/subscriptions/73ff15cc-485b-47ca-a85e-88aef168f85b/resourceGroups/rg-projectl-devcon/providers/Microsoft.Network/privateDnsZones/private.dbserver.database.windows.net/A/sqlserver-record-projectl-devcon",
            "name": "sqlserver-record-projectl-devcon",
            "records": [
              "10.0.1.4"
            ],
            "resource_group_name": "rg-projectl-devcon",
            "tags": null,
            "timeouts": null,
            "ttl": 300,
            "zone_name": "private.dbserver.database.windows.net"
          },
          "sensitive_attributes": [],
          "private": "eyJlMmJmYjczMC1lY2FhLTExZTYtOGY4OC0zNDM2M2JjN2M0YzAiOnsiY3JlYXRlIjoxODAwMDAwMDAwMDAwLCJkZWxldGUiOjE4MDAwMDAwMDAwMDAsInJlYWQiOjMwMDAwMDAwMDAwMCwidXBkYXRlIjoxODAwMDAwMDAwMDAwfX0=",
          "dependencies": [
            "azurerm_mssql_server.sql_server",
            "azurerm_private_dns_zone.private_dns_zone",
            "azurerm_private_endpoint.sql_private_endpoint",
            "azurerm_resource_group.rg",
            "azurerm_subnet.subnetdb",
            "azurerm_virtual_network.vnet"
          ]
        }
      ]
    },
    {
      "mode": "managed",
      "type": "azurerm_private_dns_a_record",
      "name": "sa_private_dns_a_record",
      "provider": "provider[\"registry.terraform.io/hashicorp/azurerm\"]",
      "instances": [
        {
          "schema_version": 0,
          "attributes": {
            "fqdn": "storage-record-projectl-devcon.privatelink.storage.core.windows.net.",
            "id": "/subscriptions/73ff15cc-485b-47ca-a85e-88aef168f85b/resourceGroups/rg-projectl-devcon/providers/Microsoft.Network/privateDnsZones/privatelink.storage.core.windows.net/A/storage-record-projectl-devcon",
            "name": "storage-record-projectl-devcon",
            "records": [
              "10.0.2.4",
              "10.0.2.5"
            ],
            "resource_group_name": "rg-projectl-devcon",
            "tags": null,
            "timeouts": null,
            "ttl": 300,
            "zone_name": "privatelink.storage.core.windows.net"
          },
          "sensitive_attributes": [],
          "private": "eyJlMmJmYjczMC1lY2FhLTExZTYtOGY4OC0zNDM2M2JjN2M0YzAiOnsiY3JlYXRlIjoxODAwMDAwMDAwMDAwLCJkZWxldGUiOjE4MDAwMDAwMDAwMDAsInJlYWQiOjMwMDAwMDAwMDAwMCwidXBkYXRlIjoxODAwMDAwMDAwMDAwfX0=",
          "dependencies": [
            "azurerm_private_dns_zone.sa_private_dns_zone",
            "azurerm_private_endpoint.blob_private_endpoint",
            "azurerm_private_endpoint.queue_private_endpoint",
            "azurerm_resource_group.rg",
            "azurerm_storage_account.storage_account",
            "azurerm_subnet.subnetapp",
            "azurerm_virtual_network.vnet"
          ]
        }
      ]
    },
    {
      "mode": "managed",
      "type": "azurerm_private_dns_zone",
      "name": "function_private_dns_zone",
      "provider": "provider[\"registry.terraform.io/hashicorp/azurerm\"]",
      "instances": [
        {
          "schema_version": 0,
          "attributes": {
            "id": "/subscriptions/73ff15cc-485b-47ca-a85e-88aef168f85b/resourceGroups/rg-projectl-devcon/providers/Microsoft.Network/privateDnsZones/private.function-projectl-devcon.azurewebsites.net",
            "max_number_of_record_sets": 25000,
            "max_number_of_virtual_network_links": 1000,
            "max_number_of_virtual_network_links_with_registration": 100,
            "name": "private.function-projectl-devcon.azurewebsites.net",
            "number_of_record_sets": 1,
            "resource_group_name": "rg-projectl-devcon",
            "soa_record": [
              {
                "email": "azureprivatedns-host.microsoft.com",
                "expire_time": 2419200,
                "fqdn": "private.function-projectl-devcon.azurewebsites.net.",
                "host_name": "azureprivatedns.net",
                "minimum_ttl": 10,
                "refresh_time": 3600,
                "retry_time": 300,
                "serial_number": 1,
                "tags": {},
                "ttl": 3600
              }
            ],
            "tags": {
              "created_by": "terraform",
              "environment": "devcon",
              "project": "projectl"
            },
            "timeouts": null
          },
          "sensitive_attributes": [],
          "private": "eyJlMmJmYjczMC1lY2FhLTExZTYtOGY4OC0zNDM2M2JjN2M0YzAiOnsiY3JlYXRlIjoxODAwMDAwMDAwMDAwLCJkZWxldGUiOjE4MDAwMDAwMDAwMDAsInJlYWQiOjMwMDAwMDAwMDAwMCwidXBkYXRlIjoxODAwMDAwMDAwMDAwfX0=",
          "dependencies": [
            "azurerm_resource_group.rg"
          ]
        }
      ]
    },
    {
      "mode": "managed",
      "type": "azurerm_private_dns_zone",
      "name": "private_dns_zone",
      "provider": "provider[\"registry.terraform.io/hashicorp/azurerm\"]",
      "instances": [
        {
          "schema_version": 0,
          "attributes": {
            "id": "/subscriptions/73ff15cc-485b-47ca-a85e-88aef168f85b/resourceGroups/rg-projectl-devcon/providers/Microsoft.Network/privateDnsZones/private.dbserver.database.windows.net",
            "max_number_of_record_sets": 25000,
            "max_number_of_virtual_network_links": 1000,
            "max_number_of_virtual_network_links_with_registration": 100,
            "name": "private.dbserver.database.windows.net",
            "number_of_record_sets": 1,
            "resource_group_name": "rg-projectl-devcon",
            "soa_record": [
              {
                "email": "azureprivatedns-host.microsoft.com",
                "expire_time": 2419200,
                "fqdn": "private.dbserver.database.windows.net.",
                "host_name": "azureprivatedns.net",
                "minimum_ttl": 10,
                "refresh_time": 3600,
                "retry_time": 300,
                "serial_number": 1,
                "tags": {},
                "ttl": 3600
              }
            ],
            "tags": {
              "created_by": "terraform",
              "environment": "devcon",
              "project": "projectl"
            },
            "timeouts": null
          },
          "sensitive_attributes": [],
          "private": "eyJlMmJmYjczMC1lY2FhLTExZTYtOGY4OC0zNDM2M2JjN2M0YzAiOnsiY3JlYXRlIjoxODAwMDAwMDAwMDAwLCJkZWxldGUiOjE4MDAwMDAwMDAwMDAsInJlYWQiOjMwMDAwMDAwMDAwMCwidXBkYXRlIjoxODAwMDAwMDAwMDAwfX0=",
          "dependencies": [
            "azurerm_resource_group.rg"
          ]
        }
      ]
    },
    {
      "mode": "managed",
      "type": "azurerm_private_dns_zone",
      "name": "sa_private_dns_zone",
      "provider": "provider[\"registry.terraform.io/hashicorp/azurerm\"]",
      "instances": [
        {
          "schema_version": 0,
          "attributes": {
            "id": "/subscriptions/73ff15cc-485b-47ca-a85e-88aef168f85b/resourceGroups/rg-projectl-devcon/providers/Microsoft.Network/privateDnsZones/privatelink.storage.core.windows.net",
            "max_number_of_record_sets": 25000,
            "max_number_of_virtual_network_links": 1000,
            "max_number_of_virtual_network_links_with_registration": 100,
            "name": "privatelink.storage.core.windows.net",
            "number_of_record_sets": 1,
            "resource_group_name": "rg-projectl-devcon",
            "soa_record": [
              {
                "email": "azureprivatedns-host.microsoft.com",
                "expire_time": 2419200,
                "fqdn": "privatelink.storage.core.windows.net.",
                "host_name": "azureprivatedns.net",
                "minimum_ttl": 10,
                "refresh_time": 3600,
                "retry_time": 300,
                "serial_number": 1,
                "tags": {},
                "ttl": 3600
              }
            ],
            "tags": {
              "created_by": "terraform",
              "environment": "devcon",
              "project": "projectl"
            },
            "timeouts": null
          },
          "sensitive_attributes": [],
          "private": "eyJlMmJmYjczMC1lY2FhLTExZTYtOGY4OC0zNDM2M2JjN2M0YzAiOnsiY3JlYXRlIjoxODAwMDAwMDAwMDAwLCJkZWxldGUiOjE4MDAwMDAwMDAwMDAsInJlYWQiOjMwMDAwMDAwMDAwMCwidXBkYXRlIjoxODAwMDAwMDAwMDAwfX0=",
          "dependencies": [
            "azurerm_resource_group.rg"
          ]
        }
      ]
    },
    {
      "mode": "managed",
      "type": "azurerm_private_dns_zone_virtual_network_link",
      "name": "function_vnet_link",
      "provider": "provider[\"registry.terraform.io/hashicorp/azurerm\"]",
      "instances": [
        {
          "schema_version": 0,
          "attributes": {
            "id": "/subscriptions/73ff15cc-485b-47ca-a85e-88aef168f85b/resourceGroups/rg-projectl-devcon/providers/Microsoft.Network/privateDnsZones/private.function-projectl-devcon.azurewebsites.net/virtualNetworkLinks/functionlink-projectl-devcon",
            "name": "functionlink-projectl-devcon",
            "private_dns_zone_name": "private.function-projectl-devcon.azurewebsites.net",
            "registration_enabled": false,
            "resource_group_name": "rg-projectl-devcon",
            "tags": null,
            "timeouts": null,
            "virtual_network_id": "/subscriptions/73ff15cc-485b-47ca-a85e-88aef168f85b/resourceGroups/rg-projectl-devcon/providers/Microsoft.Network/virtualNetworks/vnet-projectl-devcon"
          },
          "sensitive_attributes": [],
          "private": "eyJlMmJmYjczMC1lY2FhLTExZTYtOGY4OC0zNDM2M2JjN2M0YzAiOnsiY3JlYXRlIjoxODAwMDAwMDAwMDAwLCJkZWxldGUiOjE4MDAwMDAwMDAwMDAsInJlYWQiOjMwMDAwMDAwMDAwMCwidXBkYXRlIjoxODAwMDAwMDAwMDAwfX0=",
          "dependencies": [
            "azurerm_private_dns_zone.function_private_dns_zone",
            "azurerm_resource_group.rg",
            "azurerm_virtual_network.vnet"
          ]
        }
      ]
    },
    {
      "mode": "managed",
      "type": "azurerm_private_dns_zone_virtual_network_link",
      "name": "sa_vnet_link",
      "provider": "provider[\"registry.terraform.io/hashicorp/azurerm\"]",
      "instances": [
        {
          "schema_version": 0,
          "attributes": {
            "id": "/subscriptions/73ff15cc-485b-47ca-a85e-88aef168f85b/resourceGroups/rg-projectl-devcon/providers/Microsoft.Network/privateDnsZones/privatelink.storage.core.windows.net/virtualNetworkLinks/sa-vnetlink-projectl-devcon",
            "name": "sa-vnetlink-projectl-devcon",
            "private_dns_zone_name": "privatelink.storage.core.windows.net",
            "registration_enabled": false,
            "resource_group_name": "rg-projectl-devcon",
            "tags": null,
            "timeouts": null,
            "virtual_network_id": "/subscriptions/73ff15cc-485b-47ca-a85e-88aef168f85b/resourceGroups/rg-projectl-devcon/providers/Microsoft.Network/virtualNetworks/vnet-projectl-devcon"
          },
          "sensitive_attributes": [],
          "private": "eyJlMmJmYjczMC1lY2FhLTExZTYtOGY4OC0zNDM2M2JjN2M0YzAiOnsiY3JlYXRlIjoxODAwMDAwMDAwMDAwLCJkZWxldGUiOjE4MDAwMDAwMDAwMDAsInJlYWQiOjMwMDAwMDAwMDAwMCwidXBkYXRlIjoxODAwMDAwMDAwMDAwfX0=",
          "dependencies": [
            "azurerm_private_dns_zone.sa_private_dns_zone",
            "azurerm_resource_group.rg",
            "azurerm_virtual_network.vnet"
          ]
        }
      ]
    },
    {
      "mode": "managed",
      "type": "azurerm_private_dns_zone_virtual_network_link",
      "name": "vnet_link",
      "provider": "provider[\"registry.terraform.io/hashicorp/azurerm\"]",
      "instances": [
        {
          "schema_version": 0,
          "attributes": {
            "id": "/subscriptions/73ff15cc-485b-47ca-a85e-88aef168f85b/resourceGroups/rg-projectl-devcon/providers/Microsoft.Network/privateDnsZones/private.dbserver.database.windows.net/virtualNetworkLinks/vnetlink-projectl-devcon",
            "name": "vnetlink-projectl-devcon",
            "private_dns_zone_name": "private.dbserver.database.windows.net",
            "registration_enabled": false,
            "resource_group_name": "rg-projectl-devcon",
            "tags": null,
            "timeouts": null,
            "virtual_network_id": "/subscriptions/73ff15cc-485b-47ca-a85e-88aef168f85b/resourceGroups/rg-projectl-devcon/providers/Microsoft.Network/virtualNetworks/vnet-projectl-devcon"
          },
          "sensitive_attributes": [],
          "private": "eyJlMmJmYjczMC1lY2FhLTExZTYtOGY4OC0zNDM2M2JjN2M0YzAiOnsiY3JlYXRlIjoxODAwMDAwMDAwMDAwLCJkZWxldGUiOjE4MDAwMDAwMDAwMDAsInJlYWQiOjMwMDAwMDAwMDAwMCwidXBkYXRlIjoxODAwMDAwMDAwMDAwfX0=",
          "dependencies": [
            "azurerm_private_dns_zone.private_dns_zone",
            "azurerm_resource_group.rg",
            "azurerm_virtual_network.vnet"
          ]
        }
      ]
    },
    {
      "mode": "managed",
      "type": "azurerm_private_endpoint",
      "name": "blob_private_endpoint",
      "provider": "provider[\"registry.terraform.io/hashicorp/azurerm\"]",
      "instances": [
        {
          "schema_version": 0,
          "attributes": {
            "custom_dns_configs": [
              {
                "fqdn": "storageprojectldevcon2.blob.core.windows.net",
                "ip_addresses": [
                  "10.0.2.4"
                ]
              }
            ],
            "custom_network_interface_name": "",
            "id": "/subscriptions/73ff15cc-485b-47ca-a85e-88aef168f85b/resourceGroups/rg-projectl-devcon/providers/Microsoft.Network/privateEndpoints/blob-private-endpoint-projectl-devcon",
            "ip_configuration": [],
            "location": "eastus2",
            "name": "blob-private-endpoint-projectl-devcon",
            "network_interface": [
              {
                "id": "/subscriptions/73ff15cc-485b-47ca-a85e-88aef168f85b/resourceGroups/rg-projectl-devcon/providers/Microsoft.Network/networkInterfaces/blob-private-endpoint-projectl-devcon.nic.a16f4a09-4e7a-4322-ae56-d054be0c6243",
                "name": "blob-private-endpoint-projectl-devcon.nic.a16f4a09-4e7a-4322-ae56-d054be0c6243"
              }
            ],
            "private_dns_zone_configs": [],
            "private_dns_zone_group": [],
            "private_service_connection": [
              {
                "is_manual_connection": false,
                "name": "storage-private-projectl-devcon",
                "private_connection_resource_alias": "",
                "private_connection_resource_id": "/subscriptions/73ff15cc-485b-47ca-a85e-88aef168f85b/resourceGroups/rg-projectl-devcon/providers/Microsoft.Storage/storageAccounts/storageprojectldevcon2",
                "private_ip_address": "10.0.2.4",
                "request_message": "",
                "subresource_names": [
                  "blob"
                ]
              }
            ],
            "resource_group_name": "rg-projectl-devcon",
            "subnet_id": "/subscriptions/73ff15cc-485b-47ca-a85e-88aef168f85b/resourceGroups/rg-projectl-devcon/providers/Microsoft.Network/virtualNetworks/vnet-projectl-devcon/subnets/subnet-app-projectl-devcon",
            "tags": {
              "created_by": "terraform",
              "environment": "devcon",
              "project": "projectl"
            },
            "timeouts": null
          },
          "sensitive_attributes": [],
          "private": "eyJlMmJmYjczMC1lY2FhLTExZTYtOGY4OC0zNDM2M2JjN2M0YzAiOnsiY3JlYXRlIjozNjAwMDAwMDAwMDAwLCJkZWxldGUiOjM2MDAwMDAwMDAwMDAsInJlYWQiOjMwMDAwMDAwMDAwMCwidXBkYXRlIjozNjAwMDAwMDAwMDAwfX0=",
          "dependencies": [
            "azurerm_resource_group.rg",
            "azurerm_storage_account.storage_account",
            "azurerm_subnet.subnetapp",
            "azurerm_virtual_network.vnet"
          ]
        }
      ]
    },
    {
      "mode": "managed",
      "type": "azurerm_private_endpoint",
      "name": "function_private_endpoint",
      "provider": "provider[\"registry.terraform.io/hashicorp/azurerm\"]",
      "instances": [
        {
          "schema_version": 0,
          "attributes": {
            "custom_dns_configs": [
              {
                "fqdn": "function-projectl-devcon.azurewebsites.net",
                "ip_addresses": [
                  "10.0.4.4"
                ]
              },
              {
                "fqdn": "function-projectl-devcon.scm.azurewebsites.net",
                "ip_addresses": [
                  "10.0.4.4"
                ]
              }
            ],
            "custom_network_interface_name": "",
            "id": "/subscriptions/73ff15cc-485b-47ca-a85e-88aef168f85b/resourceGroups/rg-projectl-devcon/providers/Microsoft.Network/privateEndpoints/function-private-endpoint-projectl-devcon",
            "ip_configuration": [],
            "location": "eastus2",
            "name": "function-private-endpoint-projectl-devcon",
            "network_interface": [
              {
                "id": "/subscriptions/73ff15cc-485b-47ca-a85e-88aef168f85b/resourceGroups/rg-projectl-devcon/providers/Microsoft.Network/networkInterfaces/function-private-endpoint-projectl-devcon.nic.e3e01f14-5c58-41be-992d-59de1e0749e3",
                "name": "function-private-endpoint-projectl-devcon.nic.e3e01f14-5c58-41be-992d-59de1e0749e3"
              }
            ],
            "private_dns_zone_configs": [],
            "private_dns_zone_group": [],
            "private_service_connection": [
              {
                "is_manual_connection": false,
                "name": "function-private-ec-projectl-devcon",
                "private_connection_resource_alias": "",
                "private_connection_resource_id": "/subscriptions/73ff15cc-485b-47ca-a85e-88aef168f85b/resourceGroups/rg-projectl-devcon/providers/Microsoft.Web/sites/function-projectl-devcon",
                "private_ip_address": "10.0.4.4",
                "request_message": "",
                "subresource_names": [
                  "sites"
                ]
              }
            ],
            "resource_group_name": "rg-projectl-devcon",
            "subnet_id": "/subscriptions/73ff15cc-485b-47ca-a85e-88aef168f85b/resourceGroups/rg-projectl-devcon/providers/Microsoft.Network/virtualNetworks/vnet-projectl-devcon/subnets/subnet-function-projectl-devcon",
            "tags": {
              "created_by": "terraform",
              "environment": "devcon",
              "project": "projectl"
            },
            "timeouts": null
          },
          "sensitive_attributes": [],
          "private": "eyJlMmJmYjczMC1lY2FhLTExZTYtOGY4OC0zNDM2M2JjN2M0YzAiOnsiY3JlYXRlIjozNjAwMDAwMDAwMDAwLCJkZWxldGUiOjM2MDAwMDAwMDAwMDAsInJlYWQiOjMwMDAwMDAwMDAwMCwidXBkYXRlIjozNjAwMDAwMDAwMDAwfX0=",
          "dependencies": [
            "azurerm_app_service_plan.app_service_plan",
            "azurerm_container_registry.acr",
            "azurerm_function_app.function_app",
            "azurerm_resource_group.rg",
            "azurerm_storage_account.storage_account",
            "azurerm_storage_queue.storage_queue",
            "azurerm_subnet.subnetfunction",
            "azurerm_virtual_network.vnet"
          ]
        }
      ]
    },
    {
      "mode": "managed",
      "type": "azurerm_private_endpoint",
      "name": "queue_private_endpoint",
      "provider": "provider[\"registry.terraform.io/hashicorp/azurerm\"]",
      "instances": [
        {
          "schema_version": 0,
          "attributes": {
            "custom_dns_configs": [
              {
                "fqdn": "storageprojectldevcon2.queue.core.windows.net",
                "ip_addresses": [
                  "10.0.2.5"
                ]
              }
            ],
            "custom_network_interface_name": "",
            "id": "/subscriptions/73ff15cc-485b-47ca-a85e-88aef168f85b/resourceGroups/rg-projectl-devcon/providers/Microsoft.Network/privateEndpoints/queue-private-endpoint-projectl-devcon",
            "ip_configuration": [],
            "location": "eastus2",
            "name": "queue-private-endpoint-projectl-devcon",
            "network_interface": [
              {
                "id": "/subscriptions/73ff15cc-485b-47ca-a85e-88aef168f85b/resourceGroups/rg-projectl-devcon/providers/Microsoft.Network/networkInterfaces/queue-private-endpoint-projectl-devcon.nic.87136a86-82d5-45ab-8218-00d856491a01",
                "name": "queue-private-endpoint-projectl-devcon.nic.87136a86-82d5-45ab-8218-00d856491a01"
              }
            ],
            "private_dns_zone_configs": [],
            "private_dns_zone_group": [],
            "private_service_connection": [
              {
                "is_manual_connection": false,
                "name": "storage-private-projectl-devcon",
                "private_connection_resource_alias": "",
                "private_connection_resource_id": "/subscriptions/73ff15cc-485b-47ca-a85e-88aef168f85b/resourceGroups/rg-projectl-devcon/providers/Microsoft.Storage/storageAccounts/storageprojectldevcon2",
                "private_ip_address": "10.0.2.5",
                "request_message": "",
                "subresource_names": [
                  "queue"
                ]
              }
            ],
            "resource_group_name": "rg-projectl-devcon",
            "subnet_id": "/subscriptions/73ff15cc-485b-47ca-a85e-88aef168f85b/resourceGroups/rg-projectl-devcon/providers/Microsoft.Network/virtualNetworks/vnet-projectl-devcon/subnets/subnet-app-projectl-devcon",
            "tags": {
              "created_by": "terraform",
              "environment": "devcon",
              "project": "projectl"
            },
            "timeouts": null
          },
          "sensitive_attributes": [],
          "private": "eyJlMmJmYjczMC1lY2FhLTExZTYtOGY4OC0zNDM2M2JjN2M0YzAiOnsiY3JlYXRlIjozNjAwMDAwMDAwMDAwLCJkZWxldGUiOjM2MDAwMDAwMDAwMDAsInJlYWQiOjMwMDAwMDAwMDAwMCwidXBkYXRlIjozNjAwMDAwMDAwMDAwfX0=",
          "dependencies": [
            "azurerm_resource_group.rg",
            "azurerm_storage_account.storage_account",
            "azurerm_subnet.subnetapp",
            "azurerm_virtual_network.vnet"
          ]
        }
      ]
    },
    {
      "mode": "managed",
      "type": "azurerm_private_endpoint",
      "name": "sql_private_endpoint",
      "provider": "provider[\"registry.terraform.io/hashicorp/azurerm\"]",
      "instances": [
        {
          "schema_version": 0,
          "attributes": {
            "custom_dns_configs": [
              {
                "fqdn": "sqlserver-projectl-devcon.database.windows.net",
                "ip_addresses": [
                  "10.0.1.4"
                ]
              }
            ],
            "custom_network_interface_name": "",
            "id": "/subscriptions/73ff15cc-485b-47ca-a85e-88aef168f85b/resourceGroups/rg-projectl-devcon/providers/Microsoft.Network/privateEndpoints/sql-private-endpoint-projectl-devcon",
            "ip_configuration": [],
            "location": "eastus2",
            "name": "sql-private-endpoint-projectl-devcon",
            "network_interface": [
              {
                "id": "/subscriptions/73ff15cc-485b-47ca-a85e-88aef168f85b/resourceGroups/rg-projectl-devcon/providers/Microsoft.Network/networkInterfaces/sql-private-endpoint-projectl-devcon.nic.fe1806bf-0d53-493e-b8f1-c1831c3d8d4b",
                "name": "sql-private-endpoint-projectl-devcon.nic.fe1806bf-0d53-493e-b8f1-c1831c3d8d4b"
              }
            ],
            "private_dns_zone_configs": [],
            "private_dns_zone_group": [],
            "private_service_connection": [
              {
                "is_manual_connection": false,
                "name": "sql-private-ec-projectl-devcon",
                "private_connection_resource_alias": "",
                "private_connection_resource_id": "/subscriptions/73ff15cc-485b-47ca-a85e-88aef168f85b/resourceGroups/rg-projectl-devcon/providers/Microsoft.Sql/servers/sqlserver-projectl-devcon",
                "private_ip_address": "10.0.1.4",
                "request_message": "",
                "subresource_names": [
                  "sqlServer"
                ]
              }
            ],
            "resource_group_name": "rg-projectl-devcon",
            "subnet_id": "/subscriptions/73ff15cc-485b-47ca-a85e-88aef168f85b/resourceGroups/rg-projectl-devcon/providers/Microsoft.Network/virtualNetworks/vnet-projectl-devcon/subnets/subnet-db-projectl-devcon",
            "tags": {
              "created_by": "terraform",
              "environment": "devcon",
              "project": "projectl"
            },
            "timeouts": null
          },
          "sensitive_attributes": [],
          "private": "eyJlMmJmYjczMC1lY2FhLTExZTYtOGY4OC0zNDM2M2JjN2M0YzAiOnsiY3JlYXRlIjozNjAwMDAwMDAwMDAwLCJkZWxldGUiOjM2MDAwMDAwMDAwMDAsInJlYWQiOjMwMDAwMDAwMDAwMCwidXBkYXRlIjozNjAwMDAwMDAwMDAwfX0=",
          "dependencies": [
            "azurerm_mssql_server.sql_server",
            "azurerm_resource_group.rg",
            "azurerm_subnet.subnetdb",
            "azurerm_virtual_network.vnet"
          ]
        }
      ]
    },
    {
      "mode": "managed",
      "type": "azurerm_resource_group",
      "name": "rg",
      "provider": "provider[\"registry.terraform.io/hashicorp/azurerm\"]",
      "instances": [
        {
          "schema_version": 0,
          "attributes": {
            "id": "/subscriptions/73ff15cc-485b-47ca-a85e-88aef168f85b/resourceGroups/rg-projectl-devcon",
            "location": "eastus2",
            "managed_by": "",
            "name": "rg-projectl-devcon",
            "tags": {
              "created_by": "terraform",
              "environment": "devcon",
              "project": "projectl"
            },
            "timeouts": null
          },
          "sensitive_attributes": [],
          "private": "eyJlMmJmYjczMC1lY2FhLTExZTYtOGY4OC0zNDM2M2JjN2M0YzAiOnsiY3JlYXRlIjo1NDAwMDAwMDAwMDAwLCJkZWxldGUiOjU0MDAwMDAwMDAwMDAsInJlYWQiOjMwMDAwMDAwMDAwMCwidXBkYXRlIjo1NDAwMDAwMDAwMDAwfX0="
        }
      ]
    },
    {
      "mode": "managed",
      "type": "azurerm_sql_firewall_rule",
      "name": "allow_my_ip",
      "provider": "provider[\"registry.terraform.io/hashicorp/azurerm\"]",
      "instances": [
        {
          "schema_version": 0,
          "attributes": {
            "end_ip_address": "201.190.16.157",
            "id": "/subscriptions/73ff15cc-485b-47ca-a85e-88aef168f85b/resourceGroups/rg-projectl-devcon/providers/Microsoft.Sql/servers/sqlserver-projectl-devcon/firewallRules/allow-my-ip",
            "name": "allow-my-ip",
            "resource_group_name": "rg-projectl-devcon",
            "server_name": "sqlserver-projectl-devcon",
            "start_ip_address": "201.190.16.157",
            "timeouts": null
          },
          "sensitive_attributes": [],
          "private": "eyJlMmJmYjczMC1lY2FhLTExZTYtOGY4OC0zNDM2M2JjN2M0YzAiOnsiY3JlYXRlIjoxODAwMDAwMDAwMDAwLCJkZWxldGUiOjE4MDAwMDAwMDAwMDAsInJlYWQiOjMwMDAwMDAwMDAwMCwidXBkYXRlIjoxODAwMDAwMDAwMDAwfX0=",
          "dependencies": [
            "azurerm_mssql_server.sql_server",
            "azurerm_resource_group.rg"
          ]
        }
      ]
    },
    {
      "mode": "managed",
      "type": "azurerm_storage_account",
      "name": "storage_account",
      "provider": "provider[\"registry.terraform.io/hashicorp/azurerm\"]",
      "instances": [
        {
          "schema_version": 4,
          "attributes": {
            "access_tier": "Hot",
            "account_kind": "StorageV2",
            "account_replication_type": "LRS",
            "account_tier": "Standard",
            "allow_nested_items_to_be_public": true,
            "allowed_copy_scope": "",
            "azure_files_authentication": [],
            "blob_properties": [
              {
                "change_feed_enabled": false,
                "change_feed_retention_in_days": 0,
                "container_delete_retention_policy": [],
                "cors_rule": [],
                "default_service_version": "",
                "delete_retention_policy": [],
                "last_access_time_enabled": false,
                "restore_policy": [],
                "versioning_enabled": false
              }
            ],
            "cross_tenant_replication_enabled": true,
            "custom_domain": [],
            "customer_managed_key": [],
            "default_to_oauth_authentication": false,
            "dns_endpoint_type": "Standard",
            "edge_zone": "",
            "enable_https_traffic_only": true,
            "id": "/subscriptions/73ff15cc-485b-47ca-a85e-88aef168f85b/resourceGroups/rg-projectl-devcon/providers/Microsoft.Storage/storageAccounts/storageprojectldevcon2",
            "identity": [],
            "immutability_policy": [],
            "infrastructure_encryption_enabled": false,
            "is_hns_enabled": false,
            "large_file_share_enabled": false,
            "local_user_enabled": true,
            "location": "eastus2",
            "min_tls_version": "TLS1_2",
            "name": "storageprojectldevcon2",
            "network_rules": [],
            "nfsv3_enabled": false,
            "primary_access_key": "MGprERjayaCNk5y6gD5A0vw+cGWSyOVxk0vwgFrvg9xIomU7Q23LPEsT+NO8r4DH3/3VBTwnOG/z+AStjbpnKQ==",
            "primary_blob_connection_string": "DefaultEndpointsProtocol=https;BlobEndpoint=https://storageprojectldevcon2.blob.core.windows.net/;AccountName=storageprojectldevcon2;AccountKey=MGprERjayaCNk5y6gD5A0vw+cGWSyOVxk0vwgFrvg9xIomU7Q23LPEsT+NO8r4DH3/3VBTwnOG/z+AStjbpnKQ==",
            "primary_blob_endpoint": "https://storageprojectldevcon2.blob.core.windows.net/",
            "primary_blob_host": "storageprojectldevcon2.blob.core.windows.net",
            "primary_blob_internet_endpoint": "",
            "primary_blob_internet_host": "",
            "primary_blob_microsoft_endpoint": "",
            "primary_blob_microsoft_host": "",
            "primary_connection_string": "DefaultEndpointsProtocol=https;AccountName=storageprojectldevcon2;AccountKey=MGprERjayaCNk5y6gD5A0vw+cGWSyOVxk0vwgFrvg9xIomU7Q23LPEsT+NO8r4DH3/3VBTwnOG/z+AStjbpnKQ==;EndpointSuffix=core.windows.net",
            "primary_dfs_endpoint": "https://storageprojectldevcon2.dfs.core.windows.net/",
            "primary_dfs_host": "storageprojectldevcon2.dfs.core.windows.net",
            "primary_dfs_internet_endpoint": "",
            "primary_dfs_internet_host": "",
            "primary_dfs_microsoft_endpoint": "",
            "primary_dfs_microsoft_host": "",
            "primary_file_endpoint": "https://storageprojectldevcon2.file.core.windows.net/",
            "primary_file_host": "storageprojectldevcon2.file.core.windows.net",
            "primary_file_internet_endpoint": "",
            "primary_file_internet_host": "",
            "primary_file_microsoft_endpoint": "",
            "primary_file_microsoft_host": "",
            "primary_location": "eastus2",
            "primary_queue_endpoint": "https://storageprojectldevcon2.queue.core.windows.net/",
            "primary_queue_host": "storageprojectldevcon2.queue.core.windows.net",
            "primary_queue_microsoft_endpoint": "",
            "primary_queue_microsoft_host": "",
            "primary_table_endpoint": "https://storageprojectldevcon2.table.core.windows.net/",
            "primary_table_host": "storageprojectldevcon2.table.core.windows.net",
            "primary_table_microsoft_endpoint": "",
            "primary_table_microsoft_host": "",
            "primary_web_endpoint": "https://storageprojectldevcon2.z20.web.core.windows.net/",
            "primary_web_host": "storageprojectldevcon2.z20.web.core.windows.net",
            "primary_web_internet_endpoint": "",
            "primary_web_internet_host": "",
            "primary_web_microsoft_endpoint": "",
            "primary_web_microsoft_host": "",
            "public_network_access_enabled": true,
            "queue_encryption_key_type": "Service",
            "queue_properties": [
              {
                "cors_rule": [],
                "hour_metrics": [
                  {
                    "enabled": true,
                    "include_apis": true,
                    "retention_policy_days": 7,
                    "version": "1.0"
                  }
                ],
                "logging": [
                  {
                    "delete": false,
                    "read": false,
                    "retention_policy_days": 0,
                    "version": "1.0",
                    "write": false
                  }
                ],
                "minute_metrics": [
                  {
                    "enabled": false,
                    "include_apis": false,
                    "retention_policy_days": 0,
                    "version": "1.0"
                  }
                ]
              }
            ],
            "resource_group_name": "rg-projectl-devcon",
            "routing": [],
            "sas_policy": [],
            "secondary_access_key": "eorcoCz+ta99woXOIOAiYYv+b3H7jPhInimb9soDaeDwmLrbuS6L/Zp9PbHYTdicG1THWpR6cK6L+AStZztejA==",
            "secondary_blob_connection_string": "",
            "secondary_blob_endpoint": "",
            "secondary_blob_host": "",
            "secondary_blob_internet_endpoint": "",
            "secondary_blob_internet_host": "",
            "secondary_blob_microsoft_endpoint": "",
            "secondary_blob_microsoft_host": "",
            "secondary_connection_string": "DefaultEndpointsProtocol=https;AccountName=storageprojectldevcon2;AccountKey=eorcoCz+ta99woXOIOAiYYv+b3H7jPhInimb9soDaeDwmLrbuS6L/Zp9PbHYTdicG1THWpR6cK6L+AStZztejA==;EndpointSuffix=core.windows.net",
            "secondary_dfs_endpoint": "",
            "secondary_dfs_host": "",
            "secondary_dfs_internet_endpoint": "",
            "secondary_dfs_internet_host": "",
            "secondary_dfs_microsoft_endpoint": "",
            "secondary_dfs_microsoft_host": "",
            "secondary_file_endpoint": "",
            "secondary_file_host": "",
            "secondary_file_internet_endpoint": "",
            "secondary_file_internet_host": "",
            "secondary_file_microsoft_endpoint": "",
            "secondary_file_microsoft_host": "",
            "secondary_location": "",
            "secondary_queue_endpoint": "",
            "secondary_queue_host": "",
            "secondary_queue_microsoft_endpoint": "",
            "secondary_queue_microsoft_host": "",
            "secondary_table_endpoint": "",
            "secondary_table_host": "",
            "secondary_table_microsoft_endpoint": "",
            "secondary_table_microsoft_host": "",
            "secondary_web_endpoint": "",
            "secondary_web_host": "",
            "secondary_web_internet_endpoint": "",
            "secondary_web_internet_host": "",
            "secondary_web_microsoft_endpoint": "",
            "secondary_web_microsoft_host": "",
            "sftp_enabled": false,
            "share_properties": [
              {
                "cors_rule": [],
                "retention_policy": [
                  {
                    "days": 7
                  }
                ],
                "smb": []
              }
            ],
            "shared_access_key_enabled": true,
            "static_website": [],
            "table_encryption_key_type": "Service",
            "tags": {
              "created_by": "terraform",
              "environment": "devcon",
              "project": "projectl"
            },
            "timeouts": null
          },
          "sensitive_attributes": [
            [
              {
                "type": "get_attr",
                "value": "secondary_connection_string"
              }
            ],
            [
              {
                "type": "get_attr",
                "value": "primary_access_key"
              }
            ],
            [
              {
                "type": "get_attr",
                "value": "primary_blob_connection_string"
              }
            ],
            [
              {
                "type": "get_attr",
                "value": "secondary_access_key"
              }
            ],
            [
              {
                "type": "get_attr",
                "value": "primary_connection_string"
              }
            ],
            [
              {
                "type": "get_attr",
                "value": "secondary_blob_connection_string"
              }
            ]
          ],
          "private": "eyJlMmJmYjczMC1lY2FhLTExZTYtOGY4OC0zNDM2M2JjN2M0YzAiOnsiY3JlYXRlIjozNjAwMDAwMDAwMDAwLCJkZWxldGUiOjM2MDAwMDAwMDAwMDAsInJlYWQiOjMwMDAwMDAwMDAwMCwidXBkYXRlIjozNjAwMDAwMDAwMDAwfSwic2NoZW1hX3ZlcnNpb24iOiI0In0=",
          "dependencies": [
            "azurerm_resource_group.rg"
          ]
        }
      ]
    },
    {
      "mode": "managed",
      "type": "azurerm_storage_container",
      "name": "blob_dbk_container",
      "provider": "provider[\"registry.terraform.io/hashicorp/azurerm\"]",
      "instances": [
        {
          "schema_version": 1,
          "attributes": {
            "container_access_type": "private",
            "default_encryption_scope": "$account-encryption-key",
            "encryption_scope_override_enabled": true,
            "has_immutability_policy": false,
            "has_legal_hold": false,
            "id": "https://storageprojectldevcon2.blob.core.windows.net/dbknowledge",
            "metadata": {},
            "name": "dbknowledge",
            "resource_manager_id": "/subscriptions/73ff15cc-485b-47ca-a85e-88aef168f85b/resourceGroups/rg-projectl-devcon/providers/Microsoft.Storage/storageAccounts/storageprojectldevcon2/blobServices/default/containers/dbknowledge",
            "storage_account_name": "storageprojectldevcon2",
            "timeouts": null
          },
          "sensitive_attributes": [],
          "private": "eyJlMmJmYjczMC1lY2FhLTExZTYtOGY4OC0zNDM2M2JjN2M0YzAiOnsiY3JlYXRlIjoxODAwMDAwMDAwMDAwLCJkZWxldGUiOjE4MDAwMDAwMDAwMDAsInJlYWQiOjMwMDAwMDAwMDAwMCwidXBkYXRlIjoxODAwMDAwMDAwMDAwfSwic2NoZW1hX3ZlcnNpb24iOiIxIn0=",
          "dependencies": [
            "azurerm_resource_group.rg",
            "azurerm_storage_account.storage_account"
          ]
        }
      ]
    },
    {
      "mode": "managed",
      "type": "azurerm_storage_container",
      "name": "blob_dbv_container",
      "provider": "provider[\"registry.terraform.io/hashicorp/azurerm\"]",
      "instances": [
        {
          "schema_version": 1,
          "attributes": {
            "container_access_type": "private",
            "default_encryption_scope": "$account-encryption-key",
            "encryption_scope_override_enabled": true,
            "has_immutability_policy": false,
            "has_legal_hold": false,
            "id": "https://storageprojectldevcon2.blob.core.windows.net/dbvectors",
            "metadata": {},
            "name": "dbvectors",
            "resource_manager_id": "/subscriptions/73ff15cc-485b-47ca-a85e-88aef168f85b/resourceGroups/rg-projectl-devcon/providers/Microsoft.Storage/storageAccounts/storageprojectldevcon2/blobServices/default/containers/dbvectors",
            "storage_account_name": "storageprojectldevcon2",
            "timeouts": null
          },
          "sensitive_attributes": [],
          "private": "eyJlMmJmYjczMC1lY2FhLTExZTYtOGY4OC0zNDM2M2JjN2M0YzAiOnsiY3JlYXRlIjoxODAwMDAwMDAwMDAwLCJkZWxldGUiOjE4MDAwMDAwMDAwMDAsInJlYWQiOjMwMDAwMDAwMDAwMCwidXBkYXRlIjoxODAwMDAwMDAwMDAwfSwic2NoZW1hX3ZlcnNpb24iOiIxIn0=",
          "dependencies": [
            "azurerm_resource_group.rg",
            "azurerm_storage_account.storage_account"
          ]
        }
      ]
    },
    {
      "mode": "managed",
      "type": "azurerm_storage_queue",
      "name": "storage_queue",
      "provider": "provider[\"registry.terraform.io/hashicorp/azurerm\"]",
      "instances": [
        {
          "schema_version": 1,
          "attributes": {
            "id": "https://storageprojectldevcon2.queue.core.windows.net/vectordb-calibration-request",
            "metadata": null,
            "name": "vectordb-calibration-request",
            "resource_manager_id": "/subscriptions/73ff15cc-485b-47ca-a85e-88aef168f85b/resourceGroups/rg-projectl-devcon/providers/Microsoft.Storage/storageAccounts/storageprojectldevcon2/queueServices/default/queues/vectordb-calibration-request",
            "storage_account_name": "storageprojectldevcon2",
            "timeouts": null
          },
          "sensitive_attributes": [],
          "private": "eyJlMmJmYjczMC1lY2FhLTExZTYtOGY4OC0zNDM2M2JjN2M0YzAiOnsiY3JlYXRlIjoxODAwMDAwMDAwMDAwLCJkZWxldGUiOjE4MDAwMDAwMDAwMDAsInJlYWQiOjMwMDAwMDAwMDAwMCwidXBkYXRlIjoxODAwMDAwMDAwMDAwfSwic2NoZW1hX3ZlcnNpb24iOiIxIn0=",
          "dependencies": [
            "azurerm_resource_group.rg",
            "azurerm_storage_account.storage_account"
          ]
        }
      ]
    },
    {
      "mode": "managed",
      "type": "azurerm_subnet",
      "name": "subnetapp",
      "provider": "provider[\"registry.terraform.io/hashicorp/azurerm\"]",
      "instances": [
        {
          "schema_version": 0,
          "attributes": {
            "address_prefixes": [
              "10.0.2.0/24"
            ],
            "default_outbound_access_enabled": true,
            "delegation": [],
            "enforce_private_link_endpoint_network_policies": false,
            "enforce_private_link_service_network_policies": false,
            "id": "/subscriptions/73ff15cc-485b-47ca-a85e-88aef168f85b/resourceGroups/rg-projectl-devcon/providers/Microsoft.Network/virtualNetworks/vnet-projectl-devcon/subnets/subnet-app-projectl-devcon",
            "name": "subnet-app-projectl-devcon",
            "private_endpoint_network_policies": "Enabled",
            "private_endpoint_network_policies_enabled": true,
            "private_link_service_network_policies_enabled": true,
            "resource_group_name": "rg-projectl-devcon",
            "service_endpoint_policy_ids": null,
            "service_endpoints": null,
            "timeouts": null,
            "virtual_network_name": "vnet-projectl-devcon"
          },
          "sensitive_attributes": [],
          "private": "eyJlMmJmYjczMC1lY2FhLTExZTYtOGY4OC0zNDM2M2JjN2M0YzAiOnsiY3JlYXRlIjoxODAwMDAwMDAwMDAwLCJkZWxldGUiOjE4MDAwMDAwMDAwMDAsInJlYWQiOjMwMDAwMDAwMDAwMCwidXBkYXRlIjoxODAwMDAwMDAwMDAwfX0=",
          "dependencies": [
            "azurerm_resource_group.rg",
            "azurerm_virtual_network.vnet"
          ]
        }
      ]
    },
    {
      "mode": "managed",
      "type": "azurerm_subnet",
      "name": "subnetdb",
      "provider": "provider[\"registry.terraform.io/hashicorp/azurerm\"]",
      "instances": [
        {
          "schema_version": 0,
          "attributes": {
            "address_prefixes": [
              "10.0.1.0/24"
            ],
            "default_outbound_access_enabled": true,
            "delegation": [],
            "enforce_private_link_endpoint_network_policies": false,
            "enforce_private_link_service_network_policies": false,
            "id": "/subscriptions/73ff15cc-485b-47ca-a85e-88aef168f85b/resourceGroups/rg-projectl-devcon/providers/Microsoft.Network/virtualNetworks/vnet-projectl-devcon/subnets/subnet-db-projectl-devcon",
            "name": "subnet-db-projectl-devcon",
            "private_endpoint_network_policies": "Enabled",
            "private_endpoint_network_policies_enabled": true,
            "private_link_service_network_policies_enabled": true,
            "resource_group_name": "rg-projectl-devcon",
            "service_endpoint_policy_ids": null,
            "service_endpoints": null,
            "timeouts": null,
            "virtual_network_name": "vnet-projectl-devcon"
          },
          "sensitive_attributes": [],
          "private": "eyJlMmJmYjczMC1lY2FhLTExZTYtOGY4OC0zNDM2M2JjN2M0YzAiOnsiY3JlYXRlIjoxODAwMDAwMDAwMDAwLCJkZWxldGUiOjE4MDAwMDAwMDAwMDAsInJlYWQiOjMwMDAwMDAwMDAwMCwidXBkYXRlIjoxODAwMDAwMDAwMDAwfX0=",
          "dependencies": [
            "azurerm_resource_group.rg",
            "azurerm_virtual_network.vnet"
          ]
        }
      ]
    },
    {
      "mode": "managed",
      "type": "azurerm_subnet",
      "name": "subnetfunction",
      "provider": "provider[\"registry.terraform.io/hashicorp/azurerm\"]",
      "instances": [
        {
          "schema_version": 0,
          "attributes": {
            "address_prefixes": [
              "10.0.4.0/24"
            ],
            "default_outbound_access_enabled": true,
            "delegation": [],
            "enforce_private_link_endpoint_network_policies": false,
            "enforce_private_link_service_network_policies": false,
            "id": "/subscriptions/73ff15cc-485b-47ca-a85e-88aef168f85b/resourceGroups/rg-projectl-devcon/providers/Microsoft.Network/virtualNetworks/vnet-projectl-devcon/subnets/subnet-function-projectl-devcon",
            "name": "subnet-function-projectl-devcon",
            "private_endpoint_network_policies": "Enabled",
            "private_endpoint_network_policies_enabled": true,
            "private_link_service_network_policies_enabled": true,
            "resource_group_name": "rg-projectl-devcon",
            "service_endpoint_policy_ids": null,
            "service_endpoints": null,
            "timeouts": null,
            "virtual_network_name": "vnet-projectl-devcon"
          },
          "sensitive_attributes": [],
          "private": "eyJlMmJmYjczMC1lY2FhLTExZTYtOGY4OC0zNDM2M2JjN2M0YzAiOnsiY3JlYXRlIjoxODAwMDAwMDAwMDAwLCJkZWxldGUiOjE4MDAwMDAwMDAwMDAsInJlYWQiOjMwMDAwMDAwMDAwMCwidXBkYXRlIjoxODAwMDAwMDAwMDAwfX0=",
          "dependencies": [
            "azurerm_resource_group.rg",
            "azurerm_virtual_network.vnet"
          ]
        }
      ]
    },
    {
      "mode": "managed",
      "type": "azurerm_subnet",
      "name": "subnetweb",
      "provider": "provider[\"registry.terraform.io/hashicorp/azurerm\"]",
      "instances": [
        {
          "schema_version": 0,
          "attributes": {
            "address_prefixes": [
              "10.0.3.0/24"
            ],
            "default_outbound_access_enabled": true,
            "delegation": [
              {
                "name": "webapp_delegation",
                "service_delegation": [
                  {
                    "actions": [
                      "Microsoft.Network/virtualNetworks/subnets/action"
                    ],
                    "name": "Microsoft.Web/serverFarms"
                  }
                ]
              }
            ],
            "enforce_private_link_endpoint_network_policies": false,
            "enforce_private_link_service_network_policies": false,
            "id": "/subscriptions/73ff15cc-485b-47ca-a85e-88aef168f85b/resourceGroups/rg-projectl-devcon/providers/Microsoft.Network/virtualNetworks/vnet-projectl-devcon/subnets/subnet-web-projectl-devcon",
            "name": "subnet-web-projectl-devcon",
            "private_endpoint_network_policies": "Enabled",
            "private_endpoint_network_policies_enabled": true,
            "private_link_service_network_policies_enabled": true,
            "resource_group_name": "rg-projectl-devcon",
            "service_endpoint_policy_ids": null,
            "service_endpoints": null,
            "timeouts": null,
            "virtual_network_name": "vnet-projectl-devcon"
          },
          "sensitive_attributes": [],
          "private": "eyJlMmJmYjczMC1lY2FhLTExZTYtOGY4OC0zNDM2M2JjN2M0YzAiOnsiY3JlYXRlIjoxODAwMDAwMDAwMDAwLCJkZWxldGUiOjE4MDAwMDAwMDAwMDAsInJlYWQiOjMwMDAwMDAwMDAwMCwidXBkYXRlIjoxODAwMDAwMDAwMDAwfX0=",
          "dependencies": [
            "azurerm_resource_group.rg",
            "azurerm_virtual_network.vnet"
          ]
        }
      ]
    },
    {
      "mode": "managed",
      "type": "azurerm_virtual_network",
      "name": "vnet",
      "provider": "provider[\"registry.terraform.io/hashicorp/azurerm\"]",
      "instances": [
        {
          "schema_version": 0,
          "attributes": {
            "address_space": [
              "10.0.0.0/16"
            ],
            "bgp_community": "",
            "ddos_protection_plan": [],
            "dns_servers": [],
            "edge_zone": "",
            "encryption": [],
            "flow_timeout_in_minutes": 0,
            "guid": "df05b2ff-d772-4003-a64a-a8a9bd224a1b",
            "id": "/subscriptions/73ff15cc-485b-47ca-a85e-88aef168f85b/resourceGroups/rg-projectl-devcon/providers/Microsoft.Network/virtualNetworks/vnet-projectl-devcon",
            "location": "eastus2",
            "name": "vnet-projectl-devcon",
            "resource_group_name": "rg-projectl-devcon",
            "subnet": [],
            "tags": {
              "created_by": "terraform",
              "environment": "devcon",
              "project": "projectl"
            },
            "timeouts": null
          },
          "sensitive_attributes": [],
          "private": "eyJlMmJmYjczMC1lY2FhLTExZTYtOGY4OC0zNDM2M2JjN2M0YzAiOnsiY3JlYXRlIjoxODAwMDAwMDAwMDAwLCJkZWxldGUiOjE4MDAwMDAwMDAwMDAsInJlYWQiOjMwMDAwMDAwMDAwMCwidXBkYXRlIjoxODAwMDAwMDAwMDAwfX0=",
          "dependencies": [
            "azurerm_resource_group.rg"
          ]
        }
      ]
    }
  ],
  "check_results": null
}
